
Microsoft Visual Studio Solution File, Format Version 12.00
# Visual Studio Version 17
VisualStudioVersion = 17.14.36511.14 d17.14
MinimumVisualStudioVersion = 10.0.40219.1
Project("{FAE04EC0-301F-11D3-BF4B-00C04F79EFBC}") = "FrontEnd", "FrontEnd\FrontEnd.csproj", "{2A459EA5-E44E-41B5-846C-69AD7B3AA93A}"
EndProject
Global
	GlobalSection(SolutionConfigurationPlatforms) = preSolution
		Debug|Any CPU = Debug|Any CPU
		Release|Any CPU = Release|Any CPU
	EndGlobalSection
	GlobalSection(ProjectConfigurationPlatforms) = postSolution
		{2A459EA5-E44E-41B5-846C-69AD7B3AA93A}.Debug|Any CPU.ActiveCfg = Debug|Any CPU
		{2A459EA5-E44E-41B5-846C-69AD7B3AA93A}.Debug|Any CPU.Build.0 = Debug|Any CPU
		{2A459EA5-E44E-41B5-846C-69AD7B3AA93A}.Release|Any CPU.ActiveCfg = Release|Any CPU
		{2A459EA5-E44E-41B5-846C-69AD7B3AA93A}.Release|Any CPU.Build.0 = Release|Any CPU
	EndGlobalSection
	GlobalSection(SolutionProperties) = preSolution
		HideSolutionNode = FALSE
	EndGlobalSection
	GlobalSection(ExtensibilityGlobals) = postSolution
		SolutionGuid = {076D543B-6E63-4691-AB82-C33F1B42A721}
	EndGlobalSection
EndGlobal
